
Microsoft Visual Studio Solution File, Format Version 12.00
# Visual Studio Version 17
VisualStudioVersion = 17.13.35931.197 d17.13
MinimumVisualStudioVersion = 10.0.40219.1
Project("{FAE04EC0-301F-11D3-BF4B-00C04F79EFBC}") = "csSpeechToTextBatch", "csSpeechToTextBatch\csSpeechToTextBatch.csproj", "{06C3D2C0-4F07-4501-8610-315DC998795A}"
EndProject
Global
	GlobalSection(SolutionConfigurationPlatforms) = preSolution
		Debug|Any CPU = Debug|Any CPU
		Release|Any CPU = Release|Any CPU
	EndGlobalSection
	GlobalSection(ProjectConfigurationPlatforms) = postSolution
		{06C3D2C0-4F07-4501-8610-315DC998795A}.Debug|Any CPU.ActiveCfg = Debug|Any CPU
		{06C3D2C0-4F07-4501-8610-315DC998795A}.Debug|Any CPU.Build.0 = Debug|Any CPU
		{06C3D2C0-4F07-4501-8610-315DC998795A}.Release|Any CPU.ActiveCfg = Release|Any CPU
		{06C3D2C0-4F07-4501-8610-315DC998795A}.Release|Any CPU.Build.0 = Release|Any CPU
	EndGlobalSection
	GlobalSection(SolutionProperties) = preSolution
		HideSolutionNode = FALSE
	EndGlobalSection
	GlobalSection(ExtensibilityGlobals) = postSolution
		SolutionGuid = {79BE4BFB-C52C-4C50-8057-34D4B08DE66C}
	EndGlobalSection
EndGlobal
