
Microsoft Visual Studio Solution File, Format Version 12.00
# Visual Studio Version 17
VisualStudioVersion = 17.13.35931.197 d17.13
MinimumVisualStudioVersion = 10.0.40219.1
Project("{FAE04EC0-301F-11D3-BF4B-00C04F79EFBC}") = "BlazorApp1", "BlazorApp1\BlazorApp1.csproj", "{669FD310-7E9C-4472-8395-DEDB04713288}"
EndProject
Global
	GlobalSection(SolutionConfigurationPlatforms) = preSolution
		Debug|Any CPU = Debug|Any CPU
		Release|Any CPU = Release|Any CPU
	EndGlobalSection
	GlobalSection(ProjectConfigurationPlatforms) = postSolution
		{669FD310-7E9C-4472-8395-DEDB04713288}.Debug|Any CPU.ActiveCfg = Debug|Any CPU
		{669FD310-7E9C-4472-8395-DEDB04713288}.Debug|Any CPU.Build.0 = Debug|Any CPU
		{669FD310-7E9C-4472-8395-DEDB04713288}.Release|Any CPU.ActiveCfg = Release|Any CPU
		{669FD310-7E9C-4472-8395-DEDB04713288}.Release|Any CPU.Build.0 = Release|Any CPU
	EndGlobalSection
	GlobalSection(SolutionProperties) = preSolution
		HideSolutionNode = FALSE
	EndGlobalSection
	GlobalSection(ExtensibilityGlobals) = postSolution
		SolutionGuid = {88750030-F8EB-4AFE-9E6E-F8E7C28664A5}
	EndGlobalSection
EndGlobal
