
Microsoft Visual Studio Solution File, Format Version 12.00
# Visual Studio Version 17
VisualStudioVersion = 17.14.36401.2
MinimumVisualStudioVersion = 10.0.40219.1
Project("{FAE04EC0-301F-11D3-BF4B-00C04F79EFBC}") = "WebApiDemo", "WebApiDemo\WebApiDemo.csproj", "{46510BC9-DFF4-4810-9622-B07E3D02CD97}"
EndProject
Project("{54A90642-561A-4BB1-A94E-469ADEE60C69}") = "reactdemo", "ReactDemo\reactdemo.esproj", "{17BDE256-5760-9F89-7D8C-26886E2D72BE}"
EndProject
Global
	GlobalSection(SolutionConfigurationPlatforms) = preSolution
		Debug|Any CPU = Debug|Any CPU
		Release|Any CPU = Release|Any CPU
	EndGlobalSection
	GlobalSection(ProjectConfigurationPlatforms) = postSolution
		{46510BC9-DFF4-4810-9622-B07E3D02CD97}.Debug|Any CPU.ActiveCfg = Debug|Any CPU
		{46510BC9-DFF4-4810-9622-B07E3D02CD97}.Debug|Any CPU.Build.0 = Debug|Any CPU
		{46510BC9-DFF4-4810-9622-B07E3D02CD97}.Release|Any CPU.ActiveCfg = Release|Any CPU
		{46510BC9-DFF4-4810-9622-B07E3D02CD97}.Release|Any CPU.Build.0 = Release|Any CPU
		{17BDE256-5760-9F89-7D8C-26886E2D72BE}.Debug|Any CPU.ActiveCfg = Debug|Any CPU
		{17BDE256-5760-9F89-7D8C-26886E2D72BE}.Debug|Any CPU.Build.0 = Debug|Any CPU
		{17BDE256-5760-9F89-7D8C-26886E2D72BE}.Debug|Any CPU.Deploy.0 = Debug|Any CPU
		{17BDE256-5760-9F89-7D8C-26886E2D72BE}.Release|Any CPU.ActiveCfg = Release|Any CPU
		{17BDE256-5760-9F89-7D8C-26886E2D72BE}.Release|Any CPU.Build.0 = Release|Any CPU
		{17BDE256-5760-9F89-7D8C-26886E2D72BE}.Release|Any CPU.Deploy.0 = Release|Any CPU
	EndGlobalSection
	GlobalSection(SolutionProperties) = preSolution
		HideSolutionNode = FALSE
	EndGlobalSection
	GlobalSection(ExtensibilityGlobals) = postSolution
		SolutionGuid = {A7152806-65A7-41D0-AC5E-D47975BB2AFD}
	EndGlobalSection
EndGlobal
