
Microsoft Visual Studio Solution File, Format Version 12.00
# Visual Studio Version 18
VisualStudioVersion = 18.0.11018.127 d18.0
MinimumVisualStudioVersion = 10.0.40219.1
Project("{FAE04EC0-301F-11D3-BF4B-00C04F79EFBC}") = "csBlazorGoogleOAuth2", "csBlazorGoogleOAuth2\csBlazorGoogleOAuth2.csproj", "{659EC7D6-B810-4311-AF34-B838637929CB}"
EndProject
Global
	GlobalSection(SolutionConfigurationPlatforms) = preSolution
		Debug|Any CPU = Debug|Any CPU
		Release|Any CPU = Release|Any CPU
	EndGlobalSection
	GlobalSection(ProjectConfigurationPlatforms) = postSolution
		{659EC7D6-B810-4311-AF34-B838637929CB}.Debug|Any CPU.ActiveCfg = Debug|Any CPU
		{659EC7D6-B810-4311-AF34-B838637929CB}.Debug|Any CPU.Build.0 = Debug|Any CPU
		{659EC7D6-B810-4311-AF34-B838637929CB}.Release|Any CPU.ActiveCfg = Release|Any CPU
		{659EC7D6-B810-4311-AF34-B838637929CB}.Release|Any CPU.Build.0 = Release|Any CPU
	EndGlobalSection
	GlobalSection(SolutionProperties) = preSolution
		HideSolutionNode = FALSE
	EndGlobalSection
	GlobalSection(ExtensibilityGlobals) = postSolution
		SolutionGuid = {4E3D9397-4328-4505-B4AB-EFE6BFDD0B93}
	EndGlobalSection
EndGlobal
